{
  "name": "ebrap-ui",
  "version": "1.0.57",
  "lockfileVersion": 1,
  "requires": true,
  "dependencies": {
    "@types/hoist-non-react-statics": {
      "version": "3.3.1",
      "resolved": "https://registry.npmjs.org/@types/hoist-non-react-statics/-/hoist-non-react-statics-3.3.1.tgz",
      "integrity": "sha512-iMIqiko6ooLrTh1joXodJK5X9xeEALT1kM5G3ZLhD3hszxBdIEd5C75U834D9mLcINgD4OyZf5uQXjkuYydWvA==",
      "requires": {
        "@types/react": "*",
        "hoist-non-react-statics": "^3.3.0"
      }
    },
    "@types/prop-types": {
      "version": "15.7.3",
      "resolved": "https://registry.npmjs.org/@types/prop-types/-/prop-types-15.7.3.tgz",
      "integrity": "sha512-KfRL3PuHmqQLOG+2tGpRO26Ctg+Cq1E01D2DMriKEATHgWLfeNDmq9e29Q9WIky0dQ3NPkd1mzYH8Lm936Z9qw=="
    },
    "@types/react": {
      "version": "16.9.36",
      "resolved": "https://registry.npmjs.org/@types/react/-/react-16.9.36.tgz",
      "integrity": "sha512-mGgUb/Rk/vGx4NCvquRuSH0GHBQKb1OqpGS9cT9lFxlTLHZgkksgI60TuIxubmn7JuCb+sENHhQciqa0npm0AQ==",
      "requires": {
        "@types/prop-types": "*",
        "csstype": "^2.2.0"
      }
    },
    "@types/react-calendar": {
      "version": "3.1.0",
      "resolved": "https://registry.npmjs.org/@types/react-calendar/-/react-calendar-3.1.0.tgz",
      "integrity": "sha512-Uiygcph3n7Srp/zrufgA3W2NZBYm4wyeVx/VE9f5wgavdRmvfb+Y211UvZJ8iJdvsigTHkvZMHMM/BiFEtjT/g=="
    },
    "@types/react-dom": {
      "version": "16.9.8",
      "resolved": "https://registry.npmjs.org/@types/react-dom/-/react-dom-16.9.8.tgz",
      "integrity": "sha512-ykkPQ+5nFknnlU6lDd947WbQ6TE3NNzbQAkInC2EKY1qeYdTKp7onFusmYZb+ityzx2YviqT6BXSu+LyWWJwcA==",
      "requires": {
        "@types/react": "*"
      }
    },
    "@types/react-native": {
      "version": "0.62.13",
      "resolved": "https://registry.npmjs.org/@types/react-native/-/react-native-0.62.13.tgz",
      "integrity": "sha512-hs4/tSABhcJx+J8pZhVoXHrOQD89WFmbs8QiDLNSA9zNrD46pityAuBWuwk1aMjPk9I3vC5ewkJroVRHgRIfdg==",
      "requires": {
        "@types/react": "*"
      }
    },
    "@types/styled-components": {
      "version": "5.1.0",
      "resolved": "https://registry.npmjs.org/@types/styled-components/-/styled-components-5.1.0.tgz",
      "integrity": "sha512-ZFlLCuwF5r+4Vb7JUmd+Yr2S0UBdBGmI7ctFTgJMypIp3xOHI4LCFVn2dKMvpk6xDB2hLRykrEWMBwJEpUAUIQ==",
      "requires": {
        "@types/hoist-non-react-statics": "*",
        "@types/react": "*",
        "@types/react-native": "*",
        "csstype": "^2.2.0"
      }
    },
    "@wojtekmaj/date-utils": {
      "version": "1.0.2",
      "resolved": "https://registry.npmjs.org/@wojtekmaj/date-utils/-/date-utils-1.0.2.tgz",
      "integrity": "sha512-sOu+uH3jzsECLg3YGH++/pLWs8S4eKiXMwMIcotE62CO9AB/HRyhZ0ISwann/30DLnfCw4skvr8h9gF3aafhPA=="
    },
    "csstype": {
      "version": "2.6.10",
      "resolved": "https://registry.npmjs.org/csstype/-/csstype-2.6.10.tgz",
      "integrity": "sha512-D34BqZU4cIlMCY93rZHbrq9pjTAQJ3U8S8rfBqjwHxkGPThWFjzZDQpgMJY0QViLxth6ZKYiwFBo14RdN44U/w=="
    },
    "get-user-locale": {
      "version": "1.3.0",
      "resolved": "https://registry.npmjs.org/get-user-locale/-/get-user-locale-1.3.0.tgz",
      "integrity": "sha512-c5N8P0upjxCF9unIC2vTA+B+8nN7kU/D/TeItMAVYhWIIksyoULM1aflKflXM3w+Ij6vF/JZys+QcwIoDuy3Ag==",
      "requires": {
        "lodash.once": "^4.1.1"
      }
    },
    "hoist-non-react-statics": {
      "version": "3.3.2",
      "resolved": "https://registry.npmjs.org/hoist-non-react-statics/-/hoist-non-react-statics-3.3.2.tgz",
      "integrity": "sha512-/gGivxi8JPKWNm/W0jSmzcMPpfpPLc3dY/6GxhX2hQ9iGj3aDfklV4ET7NjKpSinLpJ5vafa9iiGIEZg10SfBw==",
      "requires": {
        "react-is": "^16.7.0"
      }
    },
    "js-tokens": {
      "version": "4.0.0",
      "resolved": "https://registry.npmjs.org/js-tokens/-/js-tokens-4.0.0.tgz",
      "integrity": "sha512-RdJUflcE3cUzKiMqQgsCu06FPu9UdIJO0beYbPhHN4k6apgJtifcoCtT9bcxOpYBtpD2kCM6Sbzg4CausW/PKQ=="
    },
    "lodash.once": {
      "version": "4.1.1",
      "resolved": "https://registry.npmjs.org/lodash.once/-/lodash.once-4.1.1.tgz",
      "integrity": "sha1-DdOXEhPHxW34gJd9UEyI+0cal6w="
    },
    "loose-envify": {
      "version": "1.4.0",
      "resolved": "https://registry.npmjs.org/loose-envify/-/loose-envify-1.4.0.tgz",
      "integrity": "sha512-lyuxPGr/Wfhrlem2CL/UcnUc1zcqKAImBDzukY7Y5F/yQiNdko6+fRLevlw1HgMySw7f611UIY408EtxRSoK3Q==",
      "requires": {
        "js-tokens": "^3.0.0 || ^4.0.0"
      }
    },
    "merge-class-names": {
      "version": "1.3.0",
      "resolved": "https://registry.npmjs.org/merge-class-names/-/merge-class-names-1.3.0.tgz",
      "integrity": "sha512-k0Qaj36VBpKgdc8c188LEZvo6v/zzry/FUufwopWbMSp6/knfVFU/KIB55/hJjeIpg18IH2WskXJCRnM/1BrdQ=="
    },
    "object-assign": {
      "version": "4.1.1",
      "resolved": "https://registry.npmjs.org/object-assign/-/object-assign-4.1.1.tgz",
      "integrity": "sha1-IQmtx5ZYh8/AXLvUQsrIv7s2CGM="
    },
    "prop-types": {
      "version": "15.7.2",
      "resolved": "https://registry.npmjs.org/prop-types/-/prop-types-15.7.2.tgz",
      "integrity": "sha512-8QQikdH7//R2vurIJSutZ1smHYTcLpRWEOlHnzcWHmBYrOGUysKwSsrC89BCiFj3CbrfJ/nXFdJepOVrY1GCHQ==",
      "requires": {
        "loose-envify": "^1.4.0",
        "object-assign": "^4.1.1",
        "react-is": "^16.8.1"
      }
    },
    "react-calendar": {
      "version": "3.1.0",
      "resolved": "https://registry.npmjs.org/react-calendar/-/react-calendar-3.1.0.tgz",
      "integrity": "sha512-xoKdRe6FrnZ30LD9pyr20fhet1uwSbc6srLGm1ib7G4b7tAXniZrwzrJ4YV/Hbmmwf/zAFGyXtBzLAIV1KNvuA==",
      "requires": {
        "@wojtekmaj/date-utils": "^1.0.2",
        "get-user-locale": "^1.2.0",
        "merge-class-names": "^1.1.1",
        "prop-types": "^15.6.0"
      }
    },
    "react-is": {
      "version": "16.13.1",
      "resolved": "https://registry.npmjs.org/react-is/-/react-is-16.13.1.tgz",
      "integrity": "sha512-24e6ynE2H+OKt4kqsOvNd8kBpV65zoxbA4BVsEOB3ARVWQki/DHzaUoC5KuON/BiccDaCCTZBuOcfZs70kR8bQ=="
    },
    "typescript": {
      "version": "3.9.5",
      "resolved": "https://registry.npmjs.org/typescript/-/typescript-3.9.5.tgz",
      "integrity": "sha512-hSAifV3k+i6lEoCJ2k6R2Z/rp/H3+8sdmcn5NrS3/3kE7+RyZXm9aqvxWqjEXHAd8b0pShatpcdMTvEdvAJltQ==",
      "dev": true
    }
  }
}
